
Microsoft Visual Studio Solution File, Format Version 12.00
# Visual Studio 15
VisualStudioVersion = 15.0.28307.1500
MinimumVisualStudioVersion = 10.0.40219.1
Project("{FAE04EC0-301F-11D3-BF4B-00C04F79EFBC}") = "lesson4", "lesson4\lesson4.csproj", "{B80C670B-587C-46C8-917E-092C68308602}"
EndProject
Project("{FAE04EC0-301F-11D3-BF4B-00C04F79EFBC}") = "UnitTestDijkstra", "UnitTestDijkstra\UnitTestDijkstra.csproj", "{FB90FA59-7CBA-44F1-A0AB-A25F6593FBA9}"
EndProject
Global
	GlobalSection(SolutionConfigurationPlatforms) = preSolution
		Debug|Any CPU = Debug|Any CPU
		Release|Any CPU = Release|Any CPU
	EndGlobalSection
	GlobalSection(ProjectConfigurationPlatforms) = postSolution
		{B80C670B-587C-46C8-917E-092C68308602}.Debug|Any CPU.ActiveCfg = Debug|Any CPU
		{B80C670B-587C-46C8-917E-092C68308602}.Debug|Any CPU.Build.0 = Debug|Any CPU
		{B80C670B-587C-46C8-917E-092C68308602}.Release|Any CPU.ActiveCfg = Release|Any CPU
		{B80C670B-587C-46C8-917E-092C68308602}.Release|Any CPU.Build.0 = Release|Any CPU
		{FB90FA59-7CBA-44F1-A0AB-A25F6593FBA9}.Debug|Any CPU.ActiveCfg = Debug|Any CPU
		{FB90FA59-7CBA-44F1-A0AB-A25F6593FBA9}.Debug|Any CPU.Build.0 = Debug|Any CPU
		{FB90FA59-7CBA-44F1-A0AB-A25F6593FBA9}.Release|Any CPU.ActiveCfg = Release|Any CPU
		{FB90FA59-7CBA-44F1-A0AB-A25F6593FBA9}.Release|Any CPU.Build.0 = Release|Any CPU
	EndGlobalSection
	GlobalSection(SolutionProperties) = preSolution
		HideSolutionNode = FALSE
	EndGlobalSection
	GlobalSection(ExtensibilityGlobals) = postSolution
		SolutionGuid = {CB350969-CCFE-473A-A8B5-1BB746C9BD28}
	EndGlobalSection
EndGlobal
